github.com/aws/aws-lambda-go v1.49.0 h1:z4VhTqkFZPM3xpEtTqWqRqsRH4TZBMJqTkRiBPYLqIQ=
github.com/aws/aws-lambda-go v1.49.0/go.mod h1:dpMpZgvWx5vuQJfBt0zqBha60q7Dd7RfgJv23DymV8A=
github.com/aws/aws-sdk-go-v2 v1.38.3 h1:B6cV4oxnMs45fql4yRH+/Po/YU+597zgWqvDpYMturk=
github.com/aws/aws-sdk-go-v2 v1.38.3/go.mod h1:sDioUELIUO9Znk23YVmIk86/9DOpkbyyVb1i/gUNFXY=
github.com/aws/aws-sdk-go-v2/aws/protocol/eventstream v1.7.1 h1:i8p8P4diljCr60PpJp6qZXNlgX4m2yQFpYk+9ZT+J4E=
github.com/aws/aws-sdk-go-v2/aws/protocol/eventstream v1.7.1/go.mod h1:ddqbooRZYNoJ2dsTwOty16rM+/Aqmk/GOXrK8cg7V00=
github.com/aws/aws-sdk-go-v2/config v1.27.21 h1:yPX3pjGCe2hJsetlmGNB4Mngu7UPmvWPzzWCv1+boeM=
github.com/aws/aws-sdk-go-v2/config v1.27.21/go.mod h1:4XtlEU6DzNai8RMbjSF5MgGZtYvrhBP/aKZcRtZAVdM=
github.com/aws/aws-sdk-go-v2/credentials v1.17.21 h1:pjAqgzfgFhTv5grc7xPHtXCAaMapzmwA7aU+c/SZQGw=
github.com/aws/aws-sdk-go-v2/credentials v1.17.21/go.mod h1:nhK6PtBlfHTUDVmBLr1dg+WHCOCK+1Fu/WQyVHPsgNQ=
github.com/aws/aws-sdk-go-v2/feature/ec2/imds v1.16.8 h1:FR+oWPFb/8qMVYMWN98bUZAGqPvLHiyqg1wqQGfUAXY=
github.com/aws/aws-sdk-go-v2/feature/ec2/imds v1.16.8/go.mod h1:EgSKcHiuuakEIxJcKGzVNWh5srVAQ3jKaSrBGRYvM48=
github.com/aws/aws-sdk-go-v2/internal/configsources v1.4.6 h1:uF68eJA6+S9iVr9WgX1NaRGyQ/6MdIyc4JNUo6TN1FA=
github.com/aws/aws-sdk-go-v2/internal/configsources v1.4.6/go.mod h1:qlPeVZCGPiobx8wb1ft0GHT5l+dc6ldnwInDFaMvC7Y=
github.com/aws/aws-sdk-go-v2/internal/endpoints/v2 v2.7.6 h1:pa1DEC6JoI0zduhZePp3zmhWvk/xxm4NB8Hy/Tlsgos=
github.com/aws/aws-sdk-go-v2/internal/endpoints/v2 v2.7.6/go.mod h1:gxEjPebnhWGJoaDdtDkA0JX46VRg1wcTHYe63OfX5pE=
github.com/aws/aws-sdk-go-v2/internal/ini v1.8.0 h1:hT8rVHwugYE2lEfdFE0QWVo81lF7jMrYJVDWI+f+VxU=
github.com/aws/aws-sdk-go-v2/internal/ini v1.8.0/go.mod h1:8tu/lYfQfFe6IGnaOdrpVgEL2IrrDOf6/m9RQum4NkY=
github.com/aws/aws-sdk-go-v2/service/ecr v1.50.1 h1:lcwFjRx3C/hBxJzoWkD6DIG2jeB+mzLmFVBFVOadxxE=
github.com/aws/aws-sdk-go-v2/service/ecr v1.50.1/go.mod h1:qt9OL5kXqWoSub4QAkOF74mS3M2zOTNxMODqgwEUjt8=
github.com/aws/aws-sdk-go-v2/service/internal/accept-encoding v1.11.2 h1:Ji0DY1xUsUr3I8cHps0G+XM3WWU16lP6yG8qu1GAZAs=
github.com/aws/aws-sdk-go-v2/service/internal/accept-encoding v1.11.2/go.mod h1:5CsjAbs3NlGQyZNFACh+zztPDI7fU6eW9QsxjfnuBKg=
github.com/aws/aws-sdk-go-v2/service/internal/presigned-url v1.11.14 h1:zSDPny/pVnkqABXYRicYuPf9z2bTqfH13HT3v6UheIk=
github.com/aws/aws-sdk-go-v2/service/internal/presigned-url v1.11.14/go.mod h1:3TTcI5JSzda1nw/pkVC9dhgLre0SNBFj2lYS4GctXKI=
github.com/aws/aws-sdk-go-v2/service/lambda v1.77.2 h1:fJVIBLHXWxaCUsESJgY3y/R5DNy7JAJ+DgeT91dDiyU=
github.com/aws/aws-sdk-go-v2/service/lambda v1.77.2/go.mod h1:Sbu0Y/aqwGRAskM+Hw44L1nop2I6FK5IADcMCfa5wE0=
github.com/aws/aws-sdk-go-v2/service/ssm v1.64.2 h1:6P4W42RUTZixRG6TgfRB8KlsqNzHtvBhs6sTbkVPZvk=
github.com/aws/aws-sdk-go-v2/service/ssm v1.64.2/go.mod h1:wtxdacy3oO5sHO03uOtk8HMGfgo1gBHKwuJdYM220i0=
github.com/aws/aws-sdk-go-v2/service/sso v1.21.1 h1:sd0BsnAvLH8gsp2e3cbaIr+9D7T1xugueQ7V/zUAsS4=
github.com/aws/aws-sdk-go-v2/service/sso v1.21.1/go.mod h1:lcQG/MmxydijbeTOp04hIuJwXGWPZGI3bwdFDGRTv14=
github.com/aws/aws-sdk-go-v2/service/ssooidc v1.25.1 h1:1uEFNNskK/I1KoZ9Q8wJxMz5V9jyBlsiaNrM7vA3YUQ=
github.com/aws/aws-sdk-go-v2/service/ssooidc v1.25.1/go.mod h1:z0P8K+cBIsFXUr5rzo/psUeJ20XjPN0+Nn8067Nd+E4=
github.com/aws/aws-sdk-go-v2/service/sts v1.30.0 h1:9ja34PaKybhCJjVKvxtDsUjbATUJGN+eF6QnO58u5cI=
github.com/aws/aws-sdk-go-v2/service/sts v1.30.0/go.mod h1:N2mQiucsO0VwK9CYuS4/c2n6Smeh1v47Rz3dWCPFLdE=
github.com/aws/smithy-go v1.23.0 h1:8n6I3gXzWJB2DxBDnfxgBaSX6oe0d/t10qGz7OKqMCE=
github.com/aws/smithy-go v1.23.0/go.mod h1:t1ufH5HMublsJYulve2RKmHDC15xu1f26kHCp/HgceI=
github.com/containerd/stargz-snapshotter/estargz v0.16.3 h1:7evrXtoh1mSbGj/pfRccTampEyKpjpOnS3CyiV1Ebr8=
github.com/containerd/stargz-snapshotter/estargz v0.16.3/go.mod h1:uyr4BfYfOj3G9WBVE8cOlQmXAbPN9VEQpBBeJIuOipU=
github.com/davecgh/go-spew v1.1.0/go.mod h1:J7Y8YcW2NihsgmVo/mv3lAwl/skON4iLHjSsI+c5H38=
github.com/davecgh/go-spew v1.1.1 h1:vj9j/u1bqnvCEfJOwUhtlOARqs3+rkHYY13jYWTU97c=
github.com/davecgh/go-spew v1.1.1/go.mod h1:J7Y8YcW2NihsgmVo/mv3lAwl/skON4iLHjSsI+c5H38=
github.com/docker/cli v28.2.2+incompatible h1:qzx5BNUDFqlvyq4AHzdNB7gSyVTmU4cgsyN9SdInc1A=
github.com/docker/cli v28.2.2+incompatible/go.mod h1:JLrzqnKDaYBop7H2jaqPtU4hHvMKP+vjCwu2uszcLI8=
github.com/docker/distribution v2.8.3+incompatible h1:AtKxIZ36LoNK51+Z6RpzLpddBirtxJnzDrHLEKxTAYk=
github.com/docker/distribution v2.8.3+incompatible/go.mod h1:J2gT2udsDAN96Uj4KfcMRqY0/ypR+oyYUYmja8H+y+w=
github.com/docker/docker-credential-helpers v0.9.3 h1:gAm/VtF9wgqJMoxzT3Gj5p4AqIjCBS4wrsOh9yRqcz8=
github.com/docker/docker-credential-helpers v0.9.3/go.mod h1:x+4Gbw9aGmChi3qTLZj8Dfn0TD20M/fuWy0E5+WDeCo=
github.com/google/go-cmp v0.7.0 h1:wk8382ETsv4JYUZwIsn6YpYiWiBsYLSJiTsyBybVuN8=
github.com/google/go-cmp v0.7.0/go.mod h1:pXiqmnSA92OHEEa9HXL2W4E7lf9JzCmGVUdgjX3N/iU=
github.com/google/go-containerregistry v0.20.6 h1:cvWX87UxxLgaH76b4hIvya6Dzz9qHB31qAwjAohdSTU=
github.com/google/go-containerregistry v0.20.6/go.mod h1:T0x8MuoAoKX/873bkeSfLD2FAkwCDf9/HZgsFJ02E2Y=
github.com/klauspost/compress v1.18.0 h1:c/Cqfb0r+Yi+JtIEq73FWXVkRonBlf0CRNYc8Zttxdo=
github.com/klauspost/compress v1.18.0/go.mod h1:2Pp+KzxcywXVXMr50+X0Q/Lsb43OQHYWRCY2AiWywWQ=
github.com/mitchellh/go-homedir v1.1.0 h1:lukF9ziXFxDFPkA1vsr5zpc1XuPDn/wFntq5mG+4E0Y=
github.com/mitchellh/go-homedir v1.1.0/go.mod h1:SfyaCUpYCn1Vlf4IUYiD9fPX4A5wJrkLzIz1N1q0pr0=
github.com/opencontainers/go-digest v1.0.0 h1:apOUWs51W5PlhuyGyz9FCeeBIOUDA/6nW8Oi/yOhh5U=
github.com/opencontainers/go-digest v1.0.0/go.mod h1:0JzlMkj0TRzQZfJkVvzbP0HBR3IKzErnv2BNG4W4MAM=
github.com/opencontainers/image-spec v1.1.1 h1:y0fUlFfIZhPF1W537XOLg0/fcx6zcHCJwooC2xJA040=
github.com/opencontainers/image-spec v1.1.1/go.mod h1:qpqAh3Dmcf36wStyyWU+kCeDgrGnAve2nCC8+7h8Q0M=
github.com/pkg/errors v0.9.1 h1:FEBLx1zS214owpjy7qsBeixbURkuhQAwrK5UwLGTwt4=
github.com/pkg/errors v0.9.1/go.mod h1:bwawxfHBFNV+L2hUp1rHADufV3IMtnDRdf1r5NINEl0=
github.com/pmezard/go-difflib v1.0.0 h1:4DBwDE0NGyQoBHbLQYPwSUPoCMWR5BEzIk/f1lZbAQM=
github.com/pmezard/go-difflib v1.0.0/go.mod h1:iKH77koFhYxTK1pcRnkKkqfTogsbg7gZNVY4sRDYZ/4=
github.com/sirupsen/logrus v1.9.3 h1:dueUQJ1C2q9oE3F7wvmSGAaVtTmUizReu6fjN8uqzbQ=
github.com/sirupsen/logrus v1.9.3/go.mod h1:naHLuLoDiP4jHNo9R0sCBMtWGeIprob74mVsIT4qYEQ=
github.com/stretchr/objx v0.1.0/go.mod h1:HFkY916IF+rwdDfMAkV7OtwuqBVzrE8GR6GFx+wExME=
github.com/stretchr/testify v1.7.0/go.mod h1:6Fq8oRcR53rry900zMqJjRRixrwX3KX962/h/Wwjteg=
github.com/stretchr/testify v1.9.0 h1:HtqpIVDClZ4nwg75+f6Lvsy/wHu+3BoSGCbBAcpTsTg=
github.com/stretchr/testify v1.9.0/go.mod h1:r2ic/lqez/lEtzL7wO/rwa5dbSLXVDPFyf8C91i36aY=
github.com/vbatts/tar-split v0.12.1 h1:CqKoORW7BUWBe7UL/iqTVvkTBOF8UvOMKOIZykxnnbo=
github.com/vbatts/tar-split v0.12.1/go.mod h1:eF6B6i6ftWQcDqEn3/iGFRFRo8cBIMSJVOpnNdfTMFA=
golang.org/x/sync v0.15.0 h1:KWH3jNZsfyT6xfAfKiz6MRNmd46ByHDYaZ7KSkCtdW8=
golang.org/x/sync v0.15.0/go.mod h1:1dzgHSNfp02xaA81J2MS99Qcpr2w7fw1gpm99rleRqA=
golang.org/x/sys v0.0.0-20220715151400-c0bba94af5f8/go.mod h1:oPkhp1MJrh7nUepCBck5+mAzfO9JrbApNNgaTdGDITg=
golang.org/x/sys v0.33.0 h1:q3i8TbbEz+JRD9ywIRlyRAQbM0qF7hu24q3teo2hbuw=
golang.org/x/sys v0.33.0/go.mod h1:BJP2sWEmIv4KK5OTEluFJCKSidICx8ciO85XgH3Ak8k=
gopkg.in/check.v1 v0.0.0-20161208181325-20d25e280405/go.mod h1:Co6ibVJAznAaIkqp8huTwlJQCZ016jof/cbN4VW5Yz0=
gopkg.in/yaml.v3 v3.0.0-20200313102051-9f266ea9e77c/go.mod h1:K4uyk7z7BCEPqu6E+C64Yfv1cQ7kz7rIZviUmN+EgEM=
gopkg.in/yaml.v3 v3.0.1 h1:fxVm/GzAzEWqLHuvctI91KS9hhNmmWOoWu0XTYJS7CA=
gopkg.in/yaml.v3 v3.0.1/go.mod h1:K4uyk7z7BCEPqu6E+C64Yfv1cQ7kz7rIZviUmN+EgEM=
gotest.tools/v3 v3.0.3 h1:4AuOwCGf4lLR9u3YOe2awrHygurzhO/HeQ6laiA6Sx0=
gotest.tools/v3 v3.0.3/go.mod h1:Z7Lb0S5l+klDB31fvDQX8ss/FlKDxtlFlw3Oa8Ymbl8=
